
Microsoft Visual Studio Solution File, Format Version 12.00
# Visual Studio 14
VisualStudioVersion = 14.0.23107.0
MinimumVisualStudioVersion = 10.0.40219.1
Project("{FAE04EC0-301F-11D3-BF4B-00C04F79EFBC}") = "8Queens", "8Queens\8Queens.csproj", "{B7E20D09-351F-4A8E-8D8F-628A5189D21A}"
EndProject
Global
	GlobalSection(SolutionConfigurationPlatforms) = preSolution
		Debug|Any CPU = Debug|Any CPU
		Release|Any CPU = Release|Any CPU
	EndGlobalSection
	GlobalSection(ProjectConfigurationPlatforms) = postSolution
		{B7E20D09-351F-4A8E-8D8F-628A5189D21A}.Debug|Any CPU.ActiveCfg = Debug|Any CPU
		{B7E20D09-351F-4A8E-8D8F-628A5189D21A}.Debug|Any CPU.Build.0 = Debug|Any CPU
		{B7E20D09-351F-4A8E-8D8F-628A5189D21A}.Release|Any CPU.ActiveCfg = Release|Any CPU
		{B7E20D09-351F-4A8E-8D8F-628A5189D21A}.Release|Any CPU.Build.0 = Release|Any CPU
	EndGlobalSection
	GlobalSection(SolutionProperties) = preSolution
		HideSolutionNode = FALSE
	EndGlobalSection
EndGlobal
