
Microsoft Visual Studio Solution File, Format Version 12.00
# Visual Studio 2013
VisualStudioVersion = 12.0.31101.0
MinimumVisualStudioVersion = 10.0.40219.1
Project("{FAE04EC0-301F-11D3-BF4B-00C04F79EFBC}") = "ProductCollection", "ProductCollection\ProductCollection.csproj", "{F5D47442-83D1-462A-99C4-1986158C5615}"
EndProject
Project("{FAE04EC0-301F-11D3-BF4B-00C04F79EFBC}") = "ProductCollectionTest", "ProductCollectionTest\ProductCollectionTest.csproj", "{373A2212-732F-4487-A956-A03DFEE1B4FA}"
EndProject
Global
	GlobalSection(SolutionConfigurationPlatforms) = preSolution
		Debug|Any CPU = Debug|Any CPU
		Release|Any CPU = Release|Any CPU
	EndGlobalSection
	GlobalSection(ProjectConfigurationPlatforms) = postSolution
		{F5D47442-83D1-462A-99C4-1986158C5615}.Debug|Any CPU.ActiveCfg = Debug|Any CPU
		{F5D47442-83D1-462A-99C4-1986158C5615}.Debug|Any CPU.Build.0 = Debug|Any CPU
		{F5D47442-83D1-462A-99C4-1986158C5615}.Release|Any CPU.ActiveCfg = Release|Any CPU
		{F5D47442-83D1-462A-99C4-1986158C5615}.Release|Any CPU.Build.0 = Release|Any CPU
		{373A2212-732F-4487-A956-A03DFEE1B4FA}.Debug|Any CPU.ActiveCfg = Debug|Any CPU
		{373A2212-732F-4487-A956-A03DFEE1B4FA}.Debug|Any CPU.Build.0 = Debug|Any CPU
		{373A2212-732F-4487-A956-A03DFEE1B4FA}.Release|Any CPU.ActiveCfg = Release|Any CPU
		{373A2212-732F-4487-A956-A03DFEE1B4FA}.Release|Any CPU.Build.0 = Release|Any CPU
	EndGlobalSection
	GlobalSection(SolutionProperties) = preSolution
		HideSolutionNode = FALSE
	EndGlobalSection
EndGlobal
