
Microsoft Visual Studio Solution File, Format Version 12.00
# Visual Studio 14
VisualStudioVersion = 14.0.23107.0
MinimumVisualStudioVersion = 10.0.40219.1
Project("{FAE04EC0-301F-11D3-BF4B-00C04F79EFBC}") = "1-SortArr", "1-ArraysListsStacksQueues\1-SortArr.csproj", "{68985A26-70AC-411F-B82D-4C0E66D2F0FF}"
EndProject
Project("{FAE04EC0-301F-11D3-BF4B-00C04F79EFBC}") = "2-SelectSort", "2-SelectSort\2-SelectSort.csproj", "{3BF41D7C-1BD3-48E9-A63C-8F6DD096CA84}"
EndProject
Project("{FAE04EC0-301F-11D3-BF4B-00C04F79EFBC}") = "3-CatMinMaxAvg", "3-CatMinMaxAvg\3-CatMinMaxAvg.csproj", "{AB9489E1-9C0D-465F-B7D2-E2E6359C6143}"
EndProject
Project("{FAE04EC0-301F-11D3-BF4B-00C04F79EFBC}") = "4-SequenceOfEqualStrings", "4-SequenceOfEqualStrings\4-SequenceOfEqualStrings.csproj", "{D706ACC3-7071-43FF-A15E-6F24FD0041B5}"
EndProject
Project("{FAE04EC0-301F-11D3-BF4B-00C04F79EFBC}") = "5-LongestIncreasingSequence", "LongestIncreasingSequence\5-LongestIncreasingSequence.csproj", "{A766DCAB-237A-42FA-9DBB-16C9B615C801}"
EndProject
Project("{FAE04EC0-301F-11D3-BF4B-00C04F79EFBC}") = "6-SubsetSums", "6-SubsetSums\6-SubsetSums.csproj", "{6A9065B3-4F42-4184-991F-2DDA9AD740F4}"
EndProject
Project("{FAE04EC0-301F-11D3-BF4B-00C04F79EFBC}") = "7-SortedSubsetSums", "7-SortedSubsetSums\7-SortedSubsetSums.csproj", "{84E3D2C4-7B4E-4916-AFEB-AFAA837DEDDB}"
EndProject
Project("{FAE04EC0-301F-11D3-BF4B-00C04F79EFBC}") = "8-LegoBlocks", "8-LegoBlocks\8-LegoBlocks.csproj", "{C90E86C9-629F-4A14-83B6-17EF52495C7D}"
EndProject
Project("{FAE04EC0-301F-11D3-BF4B-00C04F79EFBC}") = "9-StuckNumbers", "9 - StuckNumbers\9-StuckNumbers.csproj", "{B27238FD-B2EF-451F-818A-A29C2D112BFE}"
EndProject
Project("{FAE04EC0-301F-11D3-BF4B-00C04F79EFBC}") = "10-PythagoreanNumbers", "10-PythagoreanNumbers\10-PythagoreanNumbers.csproj", "{B625AE33-8BCD-4BD8-96E1-8ED95CBDE8B4}"
EndProject
Global
	GlobalSection(SolutionConfigurationPlatforms) = preSolution
		Debug|Any CPU = Debug|Any CPU
		Release|Any CPU = Release|Any CPU
	EndGlobalSection
	GlobalSection(ProjectConfigurationPlatforms) = postSolution
		{68985A26-70AC-411F-B82D-4C0E66D2F0FF}.Debug|Any CPU.ActiveCfg = Debug|Any CPU
		{68985A26-70AC-411F-B82D-4C0E66D2F0FF}.Debug|Any CPU.Build.0 = Debug|Any CPU
		{68985A26-70AC-411F-B82D-4C0E66D2F0FF}.Release|Any CPU.ActiveCfg = Release|Any CPU
		{68985A26-70AC-411F-B82D-4C0E66D2F0FF}.Release|Any CPU.Build.0 = Release|Any CPU
		{3BF41D7C-1BD3-48E9-A63C-8F6DD096CA84}.Debug|Any CPU.ActiveCfg = Debug|Any CPU
		{3BF41D7C-1BD3-48E9-A63C-8F6DD096CA84}.Debug|Any CPU.Build.0 = Debug|Any CPU
		{3BF41D7C-1BD3-48E9-A63C-8F6DD096CA84}.Release|Any CPU.ActiveCfg = Release|Any CPU
		{3BF41D7C-1BD3-48E9-A63C-8F6DD096CA84}.Release|Any CPU.Build.0 = Release|Any CPU
		{AB9489E1-9C0D-465F-B7D2-E2E6359C6143}.Debug|Any CPU.ActiveCfg = Debug|Any CPU
		{AB9489E1-9C0D-465F-B7D2-E2E6359C6143}.Debug|Any CPU.Build.0 = Debug|Any CPU
		{AB9489E1-9C0D-465F-B7D2-E2E6359C6143}.Release|Any CPU.ActiveCfg = Release|Any CPU
		{AB9489E1-9C0D-465F-B7D2-E2E6359C6143}.Release|Any CPU.Build.0 = Release|Any CPU
		{D706ACC3-7071-43FF-A15E-6F24FD0041B5}.Debug|Any CPU.ActiveCfg = Debug|Any CPU
		{D706ACC3-7071-43FF-A15E-6F24FD0041B5}.Debug|Any CPU.Build.0 = Debug|Any CPU
		{D706ACC3-7071-43FF-A15E-6F24FD0041B5}.Release|Any CPU.ActiveCfg = Release|Any CPU
		{D706ACC3-7071-43FF-A15E-6F24FD0041B5}.Release|Any CPU.Build.0 = Release|Any CPU
		{A766DCAB-237A-42FA-9DBB-16C9B615C801}.Debug|Any CPU.ActiveCfg = Debug|Any CPU
		{A766DCAB-237A-42FA-9DBB-16C9B615C801}.Debug|Any CPU.Build.0 = Debug|Any CPU
		{A766DCAB-237A-42FA-9DBB-16C9B615C801}.Release|Any CPU.ActiveCfg = Release|Any CPU
		{A766DCAB-237A-42FA-9DBB-16C9B615C801}.Release|Any CPU.Build.0 = Release|Any CPU
		{6A9065B3-4F42-4184-991F-2DDA9AD740F4}.Debug|Any CPU.ActiveCfg = Debug|Any CPU
		{6A9065B3-4F42-4184-991F-2DDA9AD740F4}.Debug|Any CPU.Build.0 = Debug|Any CPU
		{6A9065B3-4F42-4184-991F-2DDA9AD740F4}.Release|Any CPU.ActiveCfg = Release|Any CPU
		{6A9065B3-4F42-4184-991F-2DDA9AD740F4}.Release|Any CPU.Build.0 = Release|Any CPU
		{84E3D2C4-7B4E-4916-AFEB-AFAA837DEDDB}.Debug|Any CPU.ActiveCfg = Debug|Any CPU
		{84E3D2C4-7B4E-4916-AFEB-AFAA837DEDDB}.Debug|Any CPU.Build.0 = Debug|Any CPU
		{84E3D2C4-7B4E-4916-AFEB-AFAA837DEDDB}.Release|Any CPU.ActiveCfg = Release|Any CPU
		{84E3D2C4-7B4E-4916-AFEB-AFAA837DEDDB}.Release|Any CPU.Build.0 = Release|Any CPU
		{C90E86C9-629F-4A14-83B6-17EF52495C7D}.Debug|Any CPU.ActiveCfg = Debug|Any CPU
		{C90E86C9-629F-4A14-83B6-17EF52495C7D}.Debug|Any CPU.Build.0 = Debug|Any CPU
		{C90E86C9-629F-4A14-83B6-17EF52495C7D}.Release|Any CPU.ActiveCfg = Release|Any CPU
		{C90E86C9-629F-4A14-83B6-17EF52495C7D}.Release|Any CPU.Build.0 = Release|Any CPU
		{B27238FD-B2EF-451F-818A-A29C2D112BFE}.Debug|Any CPU.ActiveCfg = Debug|Any CPU
		{B27238FD-B2EF-451F-818A-A29C2D112BFE}.Debug|Any CPU.Build.0 = Debug|Any CPU
		{B27238FD-B2EF-451F-818A-A29C2D112BFE}.Release|Any CPU.ActiveCfg = Release|Any CPU
		{B27238FD-B2EF-451F-818A-A29C2D112BFE}.Release|Any CPU.Build.0 = Release|Any CPU
		{B625AE33-8BCD-4BD8-96E1-8ED95CBDE8B4}.Debug|Any CPU.ActiveCfg = Debug|Any CPU
		{B625AE33-8BCD-4BD8-96E1-8ED95CBDE8B4}.Debug|Any CPU.Build.0 = Debug|Any CPU
		{B625AE33-8BCD-4BD8-96E1-8ED95CBDE8B4}.Release|Any CPU.ActiveCfg = Release|Any CPU
		{B625AE33-8BCD-4BD8-96E1-8ED95CBDE8B4}.Release|Any CPU.Build.0 = Release|Any CPU
	EndGlobalSection
	GlobalSection(SolutionProperties) = preSolution
		HideSolutionNode = FALSE
	EndGlobalSection
EndGlobal
